
Microsoft Visual Studio Solution File, Format Version 12.00
# Visual Studio Version 17
VisualStudioVersion = 17.3.32929.385
MinimumVisualStudioVersion = 10.0.40219.1
Project("{9A19103F-16F7-4668-BE54-9A1E7A4F7556}") = "Text-Grab", "Text-Grab\Text-Grab.csproj", "{DE1A1C35-BF6A-4141-BD91-260E0D2794BA}"
EndProject
Project("{C7167F0D-BC9F-4E6E-AFE1-012C56B48DB5}") = "Text-Grab-Package", "Text-Grab-Package\Text-Grab-Package.wapproj", "{CE37F469-F629-4B49-84BA-37A1DA192C60}"
EndProject
Project("{2150E333-8FDC-42A3-9474-1A3956D46DE8}") = "Solution Items", "Solution Items", "{A2749F90-1143-459B-9873-85446F03E461}"
	ProjectSection(SolutionItems) = preProject
		.editorconfig = .editorconfig
	EndProjectSection
EndProject
Project("{FAE04EC0-301F-11D3-BF4B-00C04F79EFBC}") = "Tests", "Tests\Tests.csproj", "{4BD477B7-FFAB-4864-81F2-18B00130C8E5}"
EndProject
Global
	GlobalSection(SolutionConfigurationPlatforms) = preSolution
		Debug|Any CPU = Debug|Any CPU
		Debug|ARM = Debug|ARM
		Debug|ARM64 = Debug|ARM64
		Debug|x64 = Debug|x64
		Debug|x86 = Debug|x86
		Release|Any CPU = Release|Any CPU
		Release|ARM = Release|ARM
		Release|ARM64 = Release|ARM64
		Release|x64 = Release|x64
		Release|x86 = Release|x86
	EndGlobalSection
	GlobalSection(ProjectConfigurationPlatforms) = postSolution
		{DE1A1C35-BF6A-4141-BD91-260E0D2794BA}.Debug|Any CPU.ActiveCfg = Debug|Any CPU
		{DE1A1C35-BF6A-4141-BD91-260E0D2794BA}.Debug|Any CPU.Build.0 = Debug|Any CPU
		{DE1A1C35-BF6A-4141-BD91-260E0D2794BA}.Debug|ARM.ActiveCfg = Debug|Any CPU
		{DE1A1C35-BF6A-4141-BD91-260E0D2794BA}.Debug|ARM.Build.0 = Debug|Any CPU
		{DE1A1C35-BF6A-4141-BD91-260E0D2794BA}.Debug|ARM64.ActiveCfg = Debug|Any CPU
		{DE1A1C35-BF6A-4141-BD91-260E0D2794BA}.Debug|ARM64.Build.0 = Debug|Any CPU
		{DE1A1C35-BF6A-4141-BD91-260E0D2794BA}.Debug|x64.ActiveCfg = Debug|Any CPU
		{DE1A1C35-BF6A-4141-BD91-260E0D2794BA}.Debug|x64.Build.0 = Debug|Any CPU
		{DE1A1C35-BF6A-4141-BD91-260E0D2794BA}.Debug|x86.ActiveCfg = Debug|Any CPU
		{DE1A1C35-BF6A-4141-BD91-260E0D2794BA}.Debug|x86.Build.0 = Debug|Any CPU
		{DE1A1C35-BF6A-4141-BD91-260E0D2794BA}.Release|Any CPU.ActiveCfg = Release|Any CPU
		{DE1A1C35-BF6A-4141-BD91-260E0D2794BA}.Release|Any CPU.Build.0 = Release|Any CPU
		{DE1A1C35-BF6A-4141-BD91-260E0D2794BA}.Release|ARM.ActiveCfg = Release|ARM32
		{DE1A1C35-BF6A-4141-BD91-260E0D2794BA}.Release|ARM.Build.0 = Release|ARM32
		{DE1A1C35-BF6A-4141-BD91-260E0D2794BA}.Release|ARM64.ActiveCfg = Release|ARM64
		{DE1A1C35-BF6A-4141-BD91-260E0D2794BA}.Release|ARM64.Build.0 = Release|ARM64
		{DE1A1C35-BF6A-4141-BD91-260E0D2794BA}.Release|x64.ActiveCfg = Release|x64
		{DE1A1C35-BF6A-4141-BD91-260E0D2794BA}.Release|x64.Build.0 = Release|x64
		{DE1A1C35-BF6A-4141-BD91-260E0D2794BA}.Release|x86.ActiveCfg = Release|x86
		{DE1A1C35-BF6A-4141-BD91-260E0D2794BA}.Release|x86.Build.0 = Release|x86
		{CE37F469-F629-4B49-84BA-37A1DA192C60}.Debug|Any CPU.ActiveCfg = Debug|Any CPU
		{CE37F469-F629-4B49-84BA-37A1DA192C60}.Debug|Any CPU.Build.0 = Debug|Any CPU
		{CE37F469-F629-4B49-84BA-37A1DA192C60}.Debug|Any CPU.Deploy.0 = Debug|Any CPU
		{CE37F469-F629-4B49-84BA-37A1DA192C60}.Debug|ARM.ActiveCfg = Debug|ARM
		{CE37F469-F629-4B49-84BA-37A1DA192C60}.Debug|ARM.Build.0 = Debug|ARM
		{CE37F469-F629-4B49-84BA-37A1DA192C60}.Debug|ARM.Deploy.0 = Debug|ARM
		{CE37F469-F629-4B49-84BA-37A1DA192C60}.Debug|ARM64.ActiveCfg = Debug|ARM64
		{CE37F469-F629-4B49-84BA-37A1DA192C60}.Debug|ARM64.Build.0 = Debug|ARM64
		{CE37F469-F629-4B49-84BA-37A1DA192C60}.Debug|ARM64.Deploy.0 = Debug|ARM64
		{CE37F469-F629-4B49-84BA-37A1DA192C60}.Debug|x64.ActiveCfg = Debug|x64
		{CE37F469-F629-4B49-84BA-37A1DA192C60}.Debug|x64.Build.0 = Debug|x64
		{CE37F469-F629-4B49-84BA-37A1DA192C60}.Debug|x64.Deploy.0 = Debug|x64
		{CE37F469-F629-4B49-84BA-37A1DA192C60}.Debug|x86.ActiveCfg = Debug|x86
		{CE37F469-F629-4B49-84BA-37A1DA192C60}.Debug|x86.Build.0 = Debug|x86
		{CE37F469-F629-4B49-84BA-37A1DA192C60}.Debug|x86.Deploy.0 = Debug|x86
		{CE37F469-F629-4B49-84BA-37A1DA192C60}.Release|Any CPU.ActiveCfg = Release|Any CPU
		{CE37F469-F629-4B49-84BA-37A1DA192C60}.Release|Any CPU.Build.0 = Release|Any CPU
		{CE37F469-F629-4B49-84BA-37A1DA192C60}.Release|Any CPU.Deploy.0 = Release|Any CPU
		{CE37F469-F629-4B49-84BA-37A1DA192C60}.Release|ARM.ActiveCfg = Release|ARM
		{CE37F469-F629-4B49-84BA-37A1DA192C60}.Release|ARM.Build.0 = Release|ARM
		{CE37F469-F629-4B49-84BA-37A1DA192C60}.Release|ARM.Deploy.0 = Release|ARM
		{CE37F469-F629-4B49-84BA-37A1DA192C60}.Release|ARM64.ActiveCfg = Release|ARM64
		{CE37F469-F629-4B49-84BA-37A1DA192C60}.Release|ARM64.Build.0 = Release|ARM64
		{CE37F469-F629-4B49-84BA-37A1DA192C60}.Release|ARM64.Deploy.0 = Release|ARM64
		{CE37F469-F629-4B49-84BA-37A1DA192C60}.Release|x64.ActiveCfg = Release|x64
		{CE37F469-F629-4B49-84BA-37A1DA192C60}.Release|x64.Build.0 = Release|x64
		{CE37F469-F629-4B49-84BA-37A1DA192C60}.Release|x64.Deploy.0 = Release|x64
		{CE37F469-F629-4B49-84BA-37A1DA192C60}.Release|x86.ActiveCfg = Release|x86
		{CE37F469-F629-4B49-84BA-37A1DA192C60}.Release|x86.Build.0 = Release|x86
		{CE37F469-F629-4B49-84BA-37A1DA192C60}.Release|x86.Deploy.0 = Release|x86
		{4BD477B7-FFAB-4864-81F2-18B00130C8E5}.Debug|Any CPU.ActiveCfg = Debug|Any CPU
		{4BD477B7-FFAB-4864-81F2-18B00130C8E5}.Debug|Any CPU.Build.0 = Debug|Any CPU
		{4BD477B7-FFAB-4864-81F2-18B00130C8E5}.Debug|ARM.ActiveCfg = Debug|Any CPU
		{4BD477B7-FFAB-4864-81F2-18B00130C8E5}.Debug|ARM.Build.0 = Debug|Any CPU
		{4BD477B7-FFAB-4864-81F2-18B00130C8E5}.Debug|ARM64.ActiveCfg = Debug|Any CPU
		{4BD477B7-FFAB-4864-81F2-18B00130C8E5}.Debug|ARM64.Build.0 = Debug|Any CPU
		{4BD477B7-FFAB-4864-81F2-18B00130C8E5}.Debug|x64.ActiveCfg = Debug|Any CPU
		{4BD477B7-FFAB-4864-81F2-18B00130C8E5}.Debug|x64.Build.0 = Debug|Any CPU
		{4BD477B7-FFAB-4864-81F2-18B00130C8E5}.Debug|x86.ActiveCfg = Debug|Any CPU
		{4BD477B7-FFAB-4864-81F2-18B00130C8E5}.Debug|x86.Build.0 = Debug|Any CPU
		{4BD477B7-FFAB-4864-81F2-18B00130C8E5}.Release|Any CPU.ActiveCfg = Release|Any CPU
		{4BD477B7-FFAB-4864-81F2-18B00130C8E5}.Release|Any CPU.Build.0 = Release|Any CPU
		{4BD477B7-FFAB-4864-81F2-18B00130C8E5}.Release|ARM.ActiveCfg = Release|Any CPU
		{4BD477B7-FFAB-4864-81F2-18B00130C8E5}.Release|ARM.Build.0 = Release|Any CPU
		{4BD477B7-FFAB-4864-81F2-18B00130C8E5}.Release|ARM64.ActiveCfg = Release|Any CPU
		{4BD477B7-FFAB-4864-81F2-18B00130C8E5}.Release|ARM64.Build.0 = Release|Any CPU
		{4BD477B7-FFAB-4864-81F2-18B00130C8E5}.Release|x64.ActiveCfg = Release|Any CPU
		{4BD477B7-FFAB-4864-81F2-18B00130C8E5}.Release|x64.Build.0 = Release|Any CPU
		{4BD477B7-FFAB-4864-81F2-18B00130C8E5}.Release|x86.ActiveCfg = Release|Any CPU
		{4BD477B7-FFAB-4864-81F2-18B00130C8E5}.Release|x86.Build.0 = Release|Any CPU
	EndGlobalSection
	GlobalSection(SolutionProperties) = preSolution
		HideSolutionNode = FALSE
	EndGlobalSection
	GlobalSection(ExtensibilityGlobals) = postSolution
		SolutionGuid = {140560CF-5FC9-4448-997B-E5493C98D99C}
	EndGlobalSection
EndGlobal
